lockfileVersion: '9.0'

settings:
  autoInstallPeers: true
  excludeLinksFromLockfile: false

importers:

  .:
    dependencies:
      '@supabase/ssr':
        specifier: ^0.7.0
        version: 0.7.0(@supabase/supabase-js@2.104.0)
      '@supabase/supabase-js':
        specifier: ^2.57.4
        version: 2.104.0
      date-fns:
        specifier: ^4.1.0
        version: 4.1.0
      next:
        specifier: ^15.5.2
        version: 15.5.15(react-dom@19.2.5(react@19.2.5))(react@19.2.5)
      react:
        specifier: ^19.1.1
        version: 19.2.5
      react-dom:
        specifier: ^19.1.1
        version: 19.2.5(react@19.2.5)
      zod:
        specifier: ^4.1.5
        version: 4.3.6
    devDependencies:
      '@types/node':
        specifier: ^24.3.1
        version: 24.12.2
      '@types/react':
        specifier: ^19.1.12
        version: 19.2.14
      '@types/react-dom':
        specifier: ^19.1.9
        version: 19.2.3(@types/react@19.2.14)
      typescript:
        specifier: ^5.8.3
        version: 5.9.3
      vercel:
        specifier: ^52.0.0
        version: 52.0.0(@emnapi/core@1.10.0)(@emnapi/runtime@1.10.0)(typescript@5.9.3)

packages:

  '@bytecodealliance/preview2-shim@0.17.6':
    resolution: {integrity: sha512-n3cM88gTen5980UOBAD6xDcNNL3ocTK8keab21bpx1ONdA+ARj7uD1qoFxOWCyKlkpSi195FH+GeAut7Oc6zZw==}

  '@edge-runtime/format@2.2.1':
    resolution: {integrity: sha512-JQTRVuiusQLNNLe2W9tnzBlV/GvSVcozLl4XZHk5swnRZ/v6jp8TqR8P7sqmJsQqblDZ3EztcWmLDbhRje/+8g==}
    engines: {node: '>=16'}

  '@edge-runtime/node-utils@2.3.0':
    resolution: {integrity: sha512-uUtx8BFoO1hNxtHjp3eqVPC/mWImGb2exOfGjMLUoipuWgjej+f4o/VP4bUI8U40gu7Teogd5VTeZUkGvJSPOQ==}
    engines: {node: '>=16'}

  '@edge-runtime/ponyfill@2.4.2':
    resolution: {integrity: sha512-oN17GjFr69chu6sDLvXxdhg0Qe8EZviGSuqzR9qOiKh4MhFYGdBBcqRNzdmYeAdeRzOW2mM9yil4RftUQ7sUOA==}
    engines: {node: '>=16'}

  '@edge-runtime/primitives@4.1.0':
    resolution: {integrity: sha512-Vw0lbJ2lvRUqc7/soqygUX216Xb8T3WBZ987oywz6aJqRxcwSVWwr9e+Nqo2m9bxobA9mdbWNNoRY6S9eko1EQ==}
    engines: {node: '>=16'}

  '@edge-runtime/vm@3.2.0':
    resolution: {integrity: sha512-0dEVyRLM/lG4gp1R/Ik5bfPl/1wX00xFwd5KcNH602tzBa09oF7pbTKETEhR1GjZ75K6OJnYFu8II2dyMhONMw==}
    engines: {node: '>=16'}

  '@emnapi/core@1.10.0':
    resolution: {integrity: sha512-yq6OkJ4p82CAfPl0u9mQebQHKPJkY7WrIuk205cTYnYe+k2Z8YBh11FrbRG/H6ihirqcacOgl2BIO8oyMQLeXw==}

  '@emnapi/runtime@1.10.0':
    resolution: {integrity: sha512-ewvYlk86xUoGI0zQRNq/mC+16R1QeDlKQy21Ki3oSYXNgLb45GV1P6A0M+/s6nyCuNDqe5VpaY84BzXGwVbwFA==}

  '@emnapi/wasi-threads@1.2.1':
    resolution: {integrity: sha512-uTII7OYF+/Mes/MrcIOYp5yOtSMLBWSIoLPpcgwipoiKbli6k322tcoFsxoIIxPDqW01SQGAgko4EzZi2BNv2w==}

  '@esbuild/aix-ppc64@0.27.0':
    resolution: {integrity: sha512-KuZrd2hRjz01y5JK9mEBSD3Vj3mbCvemhT466rSuJYeE/hjuBrHfjjcjMdTm/sz7au+++sdbJZJmuBwQLuw68A==}
    engines: {node: '>=18'}
    cpu: [ppc64]
    os: [aix]

  '@esbuild/android-arm64@0.27.0':
    resolution: {integrity: sha512-CC3vt4+1xZrs97/PKDkl0yN7w8edvU2vZvAFGD16n9F0Cvniy5qvzRXjfO1l94efczkkQE6g1x0i73Qf5uthOQ==}
    engines: {node: '>=18'}
    cpu: [arm64]
    os: [android]

  '@esbuild/android-arm@0.27.0':
    resolution: {integrity: sha512-j67aezrPNYWJEOHUNLPj9maeJte7uSMM6gMoxfPC9hOg8N02JuQi/T7ewumf4tNvJadFkvLZMlAq73b9uwdMyQ==}
    engines: {node: '>=18'}
    cpu: [arm]
    os: [android]

  '@esbuild/android-x64@0.27.0':
    resolution: {integrity: sha512-wurMkF1nmQajBO1+0CJmcN17U4BP6GqNSROP8t0X/Jiw2ltYGLHpEksp9MpoBqkrFR3kv2/te6Sha26k3+yZ9Q==}
    engines: {node: '>=18'}
    cpu: [x64]
    os: [android]

  '@esbuild/darwin-arm64@0.27.0':
    resolution: {integrity: sha512-uJOQKYCcHhg07DL7i8MzjvS2LaP7W7Pn/7uA0B5S1EnqAirJtbyw4yC5jQ5qcFjHK9l6o/MX9QisBg12kNkdHg==}
    engines: {node: '>=18'}
    cpu: [arm64]
    os: [darwin]

  '@esbuild/darwin-x64@0.27.0':
    resolution: {integrity: sha512-8mG6arH3yB/4ZXiEnXof5MK72dE6zM9cDvUcPtxhUZsDjESl9JipZYW60C3JGreKCEP+p8P/72r69m4AZGJd5g==}
    engines: {node: '>=18'}
    cpu: [x64]
    os: [darwin]

  '@esbuild/freebsd-arm64@0.27.0':
    resolution: {integrity: sha512-9FHtyO988CwNMMOE3YIeci+UV+x5Zy8fI2qHNpsEtSF83YPBmE8UWmfYAQg6Ux7Gsmd4FejZqnEUZCMGaNQHQw==}
    engines: {node: '>=18'}
    cpu: [arm64]
    os: [freebsd]

  '@esbuild/freebsd-x64@0.27.0':
    resolution: {integrity: sha512-zCMeMXI4HS/tXvJz8vWGexpZj2YVtRAihHLk1imZj4efx1BQzN76YFeKqlDr3bUWI26wHwLWPd3rwh6pe4EV7g==}
    engines: {node: '>=18'}
    cpu: [x64]
    os: [freebsd]

  '@esbuild/linux-arm64@0.27.0':
    resolution: {integrity: sha512-AS18v0V+vZiLJyi/4LphvBE+OIX682Pu7ZYNsdUHyUKSoRwdnOsMf6FDekwoAFKej14WAkOef3zAORJgAtXnlQ==}
    engines: {node: '>=18'}
    cpu: [arm64]
    os: [linux]

  '@esbuild/linux-arm@0.27.0':
    resolution: {integrity: sha512-t76XLQDpxgmq2cNXKTVEB7O7YMb42atj2Re2Haf45HkaUpjM2J0UuJZDuaGbPbamzZ7bawyGFUkodL+zcE+jvQ==}
    engines: {node: '>=18'}
    cpu: [arm]
    os: [linux]

  '@esbuild/linux-ia32@0.27.0':
    resolution: {integrity: sha512-Mz1jxqm/kfgKkc/KLHC5qIujMvnnarD9ra1cEcrs7qshTUSksPihGrWHVG5+osAIQ68577Zpww7SGapmzSt4Nw==}
    engines: {node: '>=18'}
    cpu: [ia32]
    os: [linux]

  '@esbuild/linux-loong64@0.27.0':
    resolution: {integrity: sha512-QbEREjdJeIreIAbdG2hLU1yXm1uu+LTdzoq1KCo4G4pFOLlvIspBm36QrQOar9LFduavoWX2msNFAAAY9j4BDg==}
    engines: {node: '>=18'}
    cpu: [loong64]
    os: [linux]

  '@esbuild/linux-mips64el@0.27.0':
    resolution: {integrity: sha512-sJz3zRNe4tO2wxvDpH/HYJilb6+2YJxo/ZNbVdtFiKDufzWq4JmKAiHy9iGoLjAV7r/W32VgaHGkk35cUXlNOg==}
    engines: {node: '>=18'}
    cpu: [mips64el]
    os: [linux]

  '@esbuild/linux-ppc64@0.27.0':
    resolution: {integrity: sha512-z9N10FBD0DCS2dmSABDBb5TLAyF1/ydVb+N4pi88T45efQ/w4ohr/F/QYCkxDPnkhkp6AIpIcQKQ8F0ANoA2JA==}
    engines: {node: '>=18'}
    cpu: [ppc64]
    os: [linux]

  '@esbuild/linux-riscv64@0.27.0':
    resolution: {integrity: sha512-pQdyAIZ0BWIC5GyvVFn5awDiO14TkT/19FTmFcPdDec94KJ1uZcmFs21Fo8auMXzD4Tt+diXu1LW1gHus9fhFQ==}
    engines: {node: '>=18'}
    cpu: [riscv64]
    os: [linux]

  '@esbuild/linux-s390x@0.27.0':
    resolution: {integrity: sha512-hPlRWR4eIDDEci953RI1BLZitgi5uqcsjKMxwYfmi4LcwyWo2IcRP+lThVnKjNtk90pLS8nKdroXYOqW+QQH+w==}
    engines: {node: '>=18'}
    cpu: [s390x]
    os: [linux]

  '@esbuild/linux-x64@0.27.0':
    resolution: {integrity: sha512-1hBWx4OUJE2cab++aVZ7pObD6s+DK4mPGpemtnAORBvb5l/g5xFGk0vc0PjSkrDs0XaXj9yyob3d14XqvnQ4gw==}
    engines: {node: '>=18'}
    cpu: [x64]
    os: [linux]

  '@esbuild/netbsd-arm64@0.27.0':
    resolution: {integrity: sha512-6m0sfQfxfQfy1qRuecMkJlf1cIzTOgyaeXaiVaaki8/v+WB+U4hc6ik15ZW6TAllRlg/WuQXxWj1jx6C+dfy3w==}
    engines: {node: '>=18'}
    cpu: [arm64]
    os: [netbsd]

  '@esbuild/netbsd-x64@0.27.0':
    resolution: {integrity: sha512-xbbOdfn06FtcJ9d0ShxxvSn2iUsGd/lgPIO2V3VZIPDbEaIj1/3nBBe1AwuEZKXVXkMmpr6LUAgMkLD/4D2PPA==}
    engines: {node: '>=18'}
    cpu: [x64]
    os: [netbsd]

  '@esbuild/openbsd-arm64@0.27.0':
    resolution: {integrity: sha512-fWgqR8uNbCQ/GGv0yhzttj6sU/9Z5/Sv/VGU3F5OuXK6J6SlriONKrQ7tNlwBrJZXRYk5jUhuWvF7GYzGguBZQ==}
    engines: {node: '>=18'}
    cpu: [arm64]
    os: [openbsd]

  '@esbuild/openbsd-x64@0.27.0':
    resolution: {integrity: sha512-aCwlRdSNMNxkGGqQajMUza6uXzR/U0dIl1QmLjPtRbLOx3Gy3otfFu/VjATy4yQzo9yFDGTxYDo1FfAD9oRD2A==}
    engines: {node: '>=18'}
    cpu: [x64]
    os: [openbsd]

  '@esbuild/openharmony-arm64@0.27.0':
    resolution: {integrity: sha512-nyvsBccxNAsNYz2jVFYwEGuRRomqZ149A39SHWk4hV0jWxKM0hjBPm3AmdxcbHiFLbBSwG6SbpIcUbXjgyECfA==}
    engines: {node: '>=18'}
    cpu: [arm64]
    os: [openharmony]

  '@esbuild/sunos-x64@0.27.0':
    resolution: {integrity: sha512-Q1KY1iJafM+UX6CFEL+F4HRTgygmEW568YMqDA5UV97AuZSm21b7SXIrRJDwXWPzr8MGr75fUZPV67FdtMHlHA==}
    engines: {node: '>=18'}
    cpu: [x64]
    os: [sunos]

  '@esbuild/win32-arm64@0.27.0':
    resolution: {integrity: sha512-W1eyGNi6d+8kOmZIwi/EDjrL9nxQIQ0MiGqe/AWc6+IaHloxHSGoeRgDRKHFISThLmsewZ5nHFvGFWdBYlgKPg==}
    engines: {node: '>=18'}
    cpu: [arm64]
    os: [win32]

  '@esbuild/win32-ia32@0.27.0':
    resolution: {integrity: sha512-30z1aKL9h22kQhilnYkORFYt+3wp7yZsHWus+wSKAJR8JtdfI76LJ4SBdMsCopTR3z/ORqVu5L1vtnHZWVj4cQ==}
    engines: {node: '>=18'}
    cpu: [ia32]
    os: [win32]

  '@esbuild/win32-x64@0.27.0':
    resolution: {integrity: sha512-aIitBcjQeyOhMTImhLZmtxfdOcuNRpwlPNmlFKPcHQYPhEssw75Cl1TSXJXpMkzaua9FUetx/4OQKq7eJul5Cg==}
    engines: {node: '>=18'}
    cpu: [x64]
    os: [win32]

  '@fastify/busboy@2.1.1':
    resolution: {integrity: sha512-vBZP4NlzfOlerQTnba4aqZoMhE/a9HY7HRqoOPaETQcSQuWEIyZMHGfVu6w9wGtGK5fED5qRs2DteVCjOH60sA==}
    engines: {node: '>=14'}

  '@img/colour@1.1.0':
    resolution: {integrity: sha512-Td76q7j57o/tLVdgS746cYARfSyxk8iEfRxewL9h4OMzYhbW4TAcppl0mT4eyqXddh6L/jwoM75mo7ixa/pCeQ==}
    engines: {node: '>=18'}

  '@img/sharp-darwin-arm64@0.34.5':
    resolution: {integrity: sha512-imtQ3WMJXbMY4fxb/Ndp6HBTNVtWCUI0WdobyheGf5+ad6xX8VIDO8u2xE4qc/fr08CKG/7dDseFtn6M6g/r3w==}
    engines: {node: ^18.17.0 || ^20.3.0 || >=21.0.0}
    cpu: [arm64]
    os: [darwin]

  '@img/sharp-darwin-x64@0.34.5':
    resolution: {integrity: sha512-YNEFAF/4KQ/PeW0N+r+aVVsoIY0/qxxikF2SWdp+NRkmMB7y9LBZAVqQ4yhGCm/H3H270OSykqmQMKLBhBJDEw==}
    engines: {node: ^18.17.0 || ^20.3.0 || >=21.0.0}
    cpu: [x64]
    os: [darwin]

  '@img/sharp-libvips-darwin-arm64@1.2.4':
    resolution: {integrity: sha512-zqjjo7RatFfFoP0MkQ51jfuFZBnVE2pRiaydKJ1G/rHZvnsrHAOcQALIi9sA5co5xenQdTugCvtb1cuf78Vf4g==}
    cpu: [arm64]
    os: [darwin]

  '@img/sharp-libvips-darwin-x64@1.2.4':
    resolution: {integrity: sha512-1IOd5xfVhlGwX+zXv2N93k0yMONvUlANylbJw1eTah8K/Jtpi15KC+WSiaX/nBmbm2HxRM1gZ0nSdjSsrZbGKg==}
    cpu: [x64]
    os: [darwin]

  '@img/sharp-libvips-linux-arm64@1.2.4':
    resolution: {integrity: sha512-excjX8DfsIcJ10x1Kzr4RcWe1edC9PquDRRPx3YVCvQv+U5p7Yin2s32ftzikXojb1PIFc/9Mt28/y+iRklkrw==}
    cpu: [arm64]
    os: [linux]
    libc: [glibc]

  '@img/sharp-libvips-linux-arm@1.2.4':
    resolution: {integrity: sha512-bFI7xcKFELdiNCVov8e44Ia4u2byA+l3XtsAj+Q8tfCwO6BQ8iDojYdvoPMqsKDkuoOo+X6HZA0s0q11ANMQ8A==}
    cpu: [arm]
    os: [linux]
    libc: [glibc]

  '@img/sharp-libvips-linux-ppc64@1.2.4':
    resolution: {integrity: sha512-FMuvGijLDYG6lW+b/UvyilUWu5Ayu+3r2d1S8notiGCIyYU/76eig1UfMmkZ7vwgOrzKzlQbFSuQfgm7GYUPpA==}
    cpu: [ppc64]
    os: [linux]
    libc: [glibc]

  '@img/sharp-libvips-linux-riscv64@1.2.4':
    resolution: {integrity: sha512-oVDbcR4zUC0ce82teubSm+x6ETixtKZBh/qbREIOcI3cULzDyb18Sr/Wcyx7NRQeQzOiHTNbZFF1UwPS2scyGA==}
    cpu: [riscv64]
    os: [linux]
    libc: [glibc]

  '@img/sharp-libvips-linux-s390x@1.2.4':
    resolution: {integrity: sha512-qmp9VrzgPgMoGZyPvrQHqk02uyjA0/QrTO26Tqk6l4ZV0MPWIW6LTkqOIov+J1yEu7MbFQaDpwdwJKhbJvuRxQ==}
    cpu: [s390x]
    os: [linux]
    libc: [glibc]

  '@img/sharp-libvips-linux-x64@1.2.4':
    resolution: {integrity: sha512-tJxiiLsmHc9Ax1bz3oaOYBURTXGIRDODBqhveVHonrHJ9/+k89qbLl0bcJns+e4t4rvaNBxaEZsFtSfAdquPrw==}
    cpu: [x64]
    os: [linux]
    libc: [glibc]

  '@img/sharp-libvips-linuxmusl-arm64@1.2.4':
    resolution: {integrity: sha512-FVQHuwx1IIuNow9QAbYUzJ+En8KcVm9Lk5+uGUQJHaZmMECZmOlix9HnH7n1TRkXMS0pGxIJokIVB9SuqZGGXw==}
    cpu: [arm64]
    os: [linux]
    libc: [musl]

  '@img/sharp-libvips-linuxmusl-x64@1.2.4':
    resolution: {integrity: sha512-+LpyBk7L44ZIXwz/VYfglaX/okxezESc6UxDSoyo2Ks6Jxc4Y7sGjpgU9s4PMgqgjj1gZCylTieNamqA1MF7Dg==}
    cpu: [x64]
    os: [linux]
    libc: [musl]

  '@img/sharp-linux-arm64@0.34.5':
    resolution: {integrity: sha512-bKQzaJRY/bkPOXyKx5EVup7qkaojECG6NLYswgktOZjaXecSAeCWiZwwiFf3/Y+O1HrauiE3FVsGxFg8c24rZg==}
    engines: {node: ^18.17.0 || ^20.3.0 || >=21.0.0}
    cpu: [arm64]
    os: [linux]
    libc: [glibc]

  '@img/sharp-linux-arm@0.34.5':
    resolution: {integrity: sha512-9dLqsvwtg1uuXBGZKsxem9595+ujv0sJ6Vi8wcTANSFpwV/GONat5eCkzQo/1O6zRIkh0m/8+5BjrRr7jDUSZw==}
    engines: {node: ^18.17.0 || ^20.3.0 || >=21.0.0}
    cpu: [arm]
    os: [linux]
    libc: [glibc]

  '@img/sharp-linux-ppc64@0.34.5':
    resolution: {integrity: sha512-7zznwNaqW6YtsfrGGDA6BRkISKAAE1Jo0QdpNYXNMHu2+0dTrPflTLNkpc8l7MUP5M16ZJcUvysVWWrMefZquA==}
    engines: {node: ^18.17.0 || ^20.3.0 || >=21.0.0}
    cpu: [ppc64]
    os: [linux]
    libc: [glibc]

  '@img/sharp-linux-riscv64@0.34.5':
    resolution: {integrity: sha512-51gJuLPTKa7piYPaVs8GmByo7/U7/7TZOq+cnXJIHZKavIRHAP77e3N2HEl3dgiqdD/w0yUfiJnII77PuDDFdw==}
    engines: {node: ^18.17.0 || ^20.3.0 || >=21.0.0}
    cpu: [riscv64]
    os: [linux]
    libc: [glibc]

  '@img/sharp-linux-s390x@0.34.5':
    resolution: {integrity: sha512-nQtCk0PdKfho3eC5MrbQoigJ2gd1CgddUMkabUj+rBevs8tZ2cULOx46E7oyX+04WGfABgIwmMC0VqieTiR4jg==}
    engines: {node: ^18.17.0 || ^20.3.0 || >=21.0.0}
    cpu: [s390x]
    os: [linux]
    libc: [glibc]

  '@img/sharp-linux-x64@0.34.5':
    resolution: {integrity: sha512-MEzd8HPKxVxVenwAa+JRPwEC7QFjoPWuS5NZnBt6B3pu7EG2Ge0id1oLHZpPJdn3OQK+BQDiw9zStiHBTJQQQQ==}
    engines: {node: ^18.17.0 || ^20.3.0 || >=21.0.0}
    cpu: [x64]
    os: [linux]
    libc: [glibc]

  '@img/sharp-linuxmusl-arm64@0.34.5':
    resolution: {integrity: sha512-fprJR6GtRsMt6Kyfq44IsChVZeGN97gTD331weR1ex1c1rypDEABN6Tm2xa1wE6lYb5DdEnk03NZPqA7Id21yg==}
    engines: {node: ^18.17.0 || ^20.3.0 || >=21.0.0}
    cpu: [arm64]
    os: [linux]
    libc: [musl]

  '@img/sharp-linuxmusl-x64@0.34.5':
    resolution: {integrity: sha512-Jg8wNT1MUzIvhBFxViqrEhWDGzqymo3sV7z7ZsaWbZNDLXRJZoRGrjulp60YYtV4wfY8VIKcWidjojlLcWrd8Q==}
    engines: {node: ^18.17.0 || ^20.3.0 || >=21.0.0}
    cpu: [x64]
    os: [linux]
    libc: [musl]

  '@img/sharp-wasm32@0.34.5':
    resolution: {integrity: sha512-OdWTEiVkY2PHwqkbBI8frFxQQFekHaSSkUIJkwzclWZe64O1X4UlUjqqqLaPbUpMOQk6FBu/HtlGXNblIs0huw==}
    engines: {node: ^18.17.0 || ^20.3.0 || >=21.0.0}
    cpu: [wasm32]

  '@img/sharp-win32-arm64@0.34.5':
    resolution: {integrity: sha512-WQ3AgWCWYSb2yt+IG8mnC6Jdk9Whs7O0gxphblsLvdhSpSTtmu69ZG1Gkb6NuvxsNACwiPV6cNSZNzt0KPsw7g==}
    engines: {node: ^18.17.0 || ^20.3.0 || >=21.0.0}
    cpu: [arm64]
    os: [win32]

  '@img/sharp-win32-ia32@0.34.5':
    resolution: {integrity: sha512-FV9m/7NmeCmSHDD5j4+4pNI8Cp3aW+JvLoXcTUo0IqyjSfAZJ8dIUmijx1qaJsIiU+Hosw6xM5KijAWRJCSgNg==}
    engines: {node: ^18.17.0 || ^20.3.0 || >=21.0.0}
    cpu: [ia32]
    os: [win32]

  '@img/sharp-win32-x64@0.34.5':
    resolution: {integrity: sha512-+29YMsqY2/9eFEiW93eqWnuLcWcufowXewwSNIT6UwZdUUCrM3oFjMWH/Z6/TMmb4hlFenmfAVbpWeup2jryCw==}
    engines: {node: ^18.17.0 || ^20.3.0 || >=21.0.0}
    cpu: [x64]
    os: [win32]

  '@isaacs/balanced-match@4.0.1':
    resolution: {integrity: sha512-yzMTt9lEb8Gv7zRioUilSglI0c0smZ9k5D65677DLWLtWJaXIS3CqcGyUFByYKlnUj6TkjLVs54fBl6+TiGQDQ==}
    engines: {node: 20 || >=22}

  '@isaacs/brace-expansion@5.0.1':
    resolution: {integrity: sha512-WMz71T1JS624nWj2n2fnYAuPovhv7EUhk69R6i9dsVyzxt5eM3bjwvgk9L+APE1TRscGysAVMANkB0jh0LQZrQ==}
    engines: {node: 20 || >=22}

  '@isaacs/fs-minipass@4.0.1':
    resolution: {integrity: sha512-wgm9Ehl2jpeqP3zw/7mo3kRHFp5MEDhqAdwy1fTGkHAwnkGOVsgpvQhL8B5n1qlb01jV3n/bI0ZfZp5lWA1k4w==}
    engines: {node: '>=18.0.0'}

  '@mapbox/node-pre-gyp@2.0.3':
    resolution: {integrity: sha512-uwPAhccfFJlsfCxMYTwOdVfOz3xqyj8xYL3zJj8f0pb30tLohnnFPhLuqp4/qoEz8sNxe4SESZedcBojRefIzg==}
    engines: {node: '>=18'}
    hasBin: true

  '@napi-rs/wasm-runtime@1.1.4':
    peerDependencies:
      '@emnapi/core': ^1.7.1
      '@emnapi/runtime': ^1.7.1

  '@next/env@15.5.15':
    resolution: {integrity: sha512-vcmyu5/MyFzN7CdqRHO3uHO44p/QPCZkuTUXroeUmhNP8bL5PHFEhik22JUazt+CDDoD6EpBYRCaS2pISL+/hg==}

  '@next/swc-darwin-arm64@15.5.15':
    resolution: {integrity: sha512-6PvFO2Tzt10GFK2Ro9tAVEtacMqRmTarYMFKAnV2vYMdwWc73xzmDQyAV7SwEdMhzmiRoo7+m88DuiXlJlGeaw==}
    engines: {node: '>= 10'}
    cpu: [arm64]
    os: [darwin]

  '@next/swc-darwin-x64@15.5.15':
    resolution: {integrity: sha512-G+YNV+z6FDZTp/+IdGyIMFqalBTaQSnvAA+X/hrt+eaTRFSznRMz9K7rTmzvM6tDmKegNtyzgufZW0HwVzEqaQ==}
    engines: {node: '>= 10'}
    cpu: [x64]
    os: [darwin]

  '@next/swc-linux-arm64-gnu@15.5.15':
    resolution: {integrity: sha512-eVkrMcVIBqGfXB+QUC7jjZ94Z6uX/dNStbQFabewAnk13Uy18Igd1YZ/GtPRzdhtm7QwC0e6o7zOQecul4iC1w==}
    engines: {node: '>= 10'}
    cpu: [arm64]
    os: [linux]
    libc: [glibc]

  '@next/swc-linux-arm64-musl@15.5.15':
    resolution: {integrity: sha512-RwSHKMQ7InLy5GfkY2/n5PcFycKA08qI1VST78n09nN36nUPqCvGSMiLXlfUmzmpQpF6XeBYP2KRWHi0UW3uNg==}
    engines: {node: '>= 10'}
    cpu: [arm64]
    os: [linux]
    libc: [musl]

  '@next/swc-linux-x64-gnu@15.5.15':
    resolution: {integrity: sha512-nplqvY86LakS+eeiuWsNWvfmK8pFcOEW7ZtVRt4QH70lL+0x6LG/m1OpJ/tvrbwjmR8HH9/fH2jzW1GlL03TIg==}
    engines: {node: '>= 10'}
    cpu: [x64]
    os: [linux]
    libc: [glibc]

  '@next/swc-linux-x64-musl@15.5.15':
    resolution: {integrity: sha512-eAgl9NKQ84/sww0v81DQINl/vL2IBxD7sMybd0cWRw6wqgouVI53brVRBrggqBRP/NWeIAE1dm5cbKYoiMlqDQ==}
    engines: {node: '>= 10'}
    cpu: [x64]
    os: [linux]
    libc: [musl]

  '@next/swc-win32-arm64-msvc@15.5.15':
    resolution: {integrity: sha512-GJVZC86lzSquh0MtvZT+L7G8+jMnJcldloOjA8Kf3wXvBrvb6OGe2MzPuALxFshSm/IpwUtD2mIoof39ymf52A==}
    engines: {node: '>= 10'}
    cpu: [arm64]
    os: [win32]

  '@next/swc-win32-x64-msvc@15.5.15':
    resolution: {integrity: sha512-nFucjVdwlFqxh/JG3hWSJ4p8+YJV7Ii8aPDuBQULB6DzUF4UNZETXLfEUk+oI2zEznWWULPt7MeuTE6xtK1HSA==}
    engines: {node: '>= 10'}
    cpu: [x64]
    os: [win32]

  '@nodelib/fs.scandir@2.1.5':
    resolution: {integrity: sha512-vq24Bq3ym5HEQm2NKCr3yXDwjc7vTsEThRDnkp2DK9p1uqLR+DHurm/NOTo0KG7HYHU7eppKZj3MyqYuMBf62g==}
    engines: {node: '>= 8'}

  '@nodelib/fs.stat@2.0.5':
    resolution: {integrity: sha512-RkhPPp2zrqDAQA/2jNhnztcPAlv64XdhIp7a7454A5ovI7Bukxgt7MX7udwAu3zg1DcpPU0rz3VV1SeaqvY4+A==}
    engines: {node: '>= 8'}

  '@nodelib/fs.walk@1.2.8':
    resolution: {integrity: sha512-oGB+UxlgWcgQkgwo8GcEGwemoTFt3FIO9ababBmaGwXIoBKZ+GTy0pP185beGg7Llih/NSHSV2XAs1lnznocSg==}
    engines: {node: '>= 8'}

  '@oxc-project/types@0.110.0':
    resolution: {integrity: sha512-6Ct21OIlrEnFEJk5LT4e63pk3btsI6/TusD/GStLi7wYlGJNOl1GI9qvXAnRAxQU9zqA2Oz+UwhfTOU2rPZVow==}

  '@oxc-transform/binding-android-arm-eabi@0.111.0':
    resolution: {integrity: sha512-NdFLicvorfHYu0g2ftjVJaH7+Dz27AQUNJOq8t/ofRUoWmczOodgUCHx8C1M1htCN4ZmhS/FzfSy6yd/UngJGg==}
    engines: {node: ^20.19.0 || >=22.12.0}
    cpu: [arm]
    os: [android]

  '@oxc-transform/binding-android-arm64@0.111.0':
    resolution: {integrity: sha512-J2v9ajarD2FYlhHtjbgZUFsS2Kvi27pPxDWLGCy7i8tO60xBoozX9/ktSgbiE/QsxKaUhfv4zVKppKWUo71PmQ==}
    engines: {node: ^20.19.0 || >=22.12.0}
    cpu: [arm64]
    os: [android]

  '@oxc-transform/binding-darwin-arm64@0.111.0':
    resolution: {integrity: sha512-2UYmExxpXzmiHTldhNlosWqG9Nc4US51K0GB9RLcGlTE23WO33vVo1NVAKwxPE+KYuhffwDnRYTovTMUjzwvZA==}
    engines: {node: ^20.19.0 || >=22.12.0}
    cpu: [arm64]
    os: [darwin]

  '@oxc-transform/binding-darwin-x64@0.111.0':
    resolution: {integrity: sha512-c4YRwfLV8Pj/ToiTCbndZaHxM2BD4W3bltr/fjXZcGypEK+U2RZFDL7tIZYT/tyneAC9hCORZKDaKhLLNuzPtA==}
    engines: {node: ^20.19.0 || >=22.12.0}
    cpu: [x64]
    os: [darwin]

  '@oxc-transform/binding-freebsd-x64@0.111.0':
    resolution: {integrity: sha512-prvf32IcEuLnLZbNVomFosBu0CaZpyj3YsZ6epbOgJy8iJjfLsXBb+PrkO/NBKzjuJoJa2+u7jFKRE0KT7gSOw==}
    engines: {node: ^20.19.0 || >=22.12.0}
    cpu: [x64]
    os: [freebsd]

  '@oxc-transform/binding-linux-arm-gnueabihf@0.111.0':
    resolution: {integrity: sha512-+se3579Wp7VOk8TnTZCpT+obTAyzOw2b/UuoM0+51LtbzCSfjKxd4A+o7zRl7GyPrPZvx57KdbMOC9rWB1xNrw==}
    engines: {node: ^20.19.0 || >=22.12.0}
    cpu: [arm]
    os: [linux]

  '@oxc-transform/binding-linux-arm-musleabihf@0.111.0':
    resolution: {integrity: sha512-8faC99pStqaSDPK/vBgaagAHUeL0LcIzfeSjSiDTtvPGc3AwZIeqC1tx3CP15a6tWXjdgS/IUw4IjfD5HweBlg==}
    engines: {node: ^20.19.0 || >=22.12.0}
    cpu: [arm]
    os: [linux]

  '@oxc-transform/binding-linux-arm64-gnu@0.111.0':
    resolution: {integrity: sha512-y7R0Xy5kULdWJ6S4E1QxVn0y7SpQyLqCf2Aojr2+/K97Pf0KRVYQ3xdC0g8XKlg4mt0Yq5STgA0GMmAFs1CK1Q==}
    engines: {node: ^20.19.0 || >=22.12.0}
    cpu: [arm64]
    os: [linux]

  '@oxc-transform/binding-linux-arm64-musl@0.111.0':
    resolution: {integrity: sha512-QnkwzM4u2FAo6r0g0wRU6L+zsxW1n3Ar2sR3hIS3T3Zl2x5MqshBbcblwk3LrBZM4HGL3xwD9N7W8G+3uTO8GA==}
    engines: {node: ^20.19.0 || >=22.12.0}
    cpu: [arm64]
    os: [linux]

  '@oxc-transform/binding-linux-ppc64-gnu@0.111.0':
    resolution: {integrity: sha512-J3v0lGe6MMPMhh3Moq1Nh4+v7Ht13iAyuKlnDjlwmQ2Wnmuq8s/6rDqPpca7Qc+/nKSbB8GEVNH5d7vdaBu2ow==}
    engines: {node: ^20.19.0 || >=22.12.0}
    cpu: [ppc64]
    os: [linux]

  '@oxc-transform/binding-linux-riscv64-gnu@0.111.0':
    resolution: {integrity: sha512-3X1j2qD/sAAb3EMfGx7VcwsScZuSgWh2pRr+5CjlwmFjkzgDKYVbFQQ6Pp8jB16P75aZ2mQgE4+n+wLn+8aeLA==}
    engines: {node: ^20.19.0 || >=22.12.0}
    cpu: [riscv64]
    os: [linux]

  '@oxc-transform/binding-linux-riscv64-musl@0.111.0':
    resolution: {integrity: sha512-T8LVBXMd+ajz2CVEjS8v4NbzPGC/SzG5uLHz9pI95YChsNKd3wmmueGQ3dbcvXo9lQZzPzFBRvWOBN4v4C4adA==}
    engines: {node: ^20.19.0 || >=22.12.0}
    cpu: [riscv64]
    os: [linux]

  '@oxc-transform/binding-linux-s390x-gnu@0.111.0':
    resolution: {integrity: sha512-7U9u9rS2yM3jvFQm4+xzv3XoY7EtGQJvKcG9BXr0r1hJ7n0c1kXkDGJY7Tw6Q4kJ2r1MpjG0Vv7wCduML69v9w==}
    engines: {node: ^20.19.0 || >=22.12.0}
    cpu: [s390x]
    os: [linux]

  '@oxc-transform/binding-linux-x64-gnu@0.111.0':
    resolution: {integrity: sha512-9e+Ndb6E4N0fP2ItAVO4kcoEPkdIyuHoNZ2pvS7P0ss4LjlwmHCOjlwm0j9AVkGj4J2dwCtNadZhDkj7WptUQQ==}
    engines: {node: ^20.19.0 || >=22.12.0}
    cpu: [x64]
    os: [linux]

  '@oxc-transform/binding-linux-x64-musl@0.111.0':
    resolution: {integrity: sha512-jq5sJ7xO3EhB4Y8/5Z8e7PL5gK7W9cCh1aPjlwmHCEj0v+Qa9jG+fGJ7DzqvZJ3Qjlwmu0kN2a3l9G9xC5v9g==}
    engines: {node: ^20.19.0 || >=22.12.0}
    cpu: [x64]
    os: [linux]

  '@oxc-transform/binding-openharmony-arm64@0.111.0':
    resolution: {integrity: sha512-uB3G9+jKfjlwmT9Shl1s7Qh3Q1k1A5dNjlwm1oKQ0r4Zl0H5d5MrY2M4lXykpM4oKZ4p8tTn4qMl0H0s6s5tPw==}
    engines: {node: ^20.19.0 || >=22.12.0}
    cpu: [arm64]
    os: [openharmony]

  '@oxc-transform/binding-wasm32-wasi@0.111.0':
    resolution: {integrity: sha512-2vT10gnA6z2JfgL3G3s5A86F5b/FSLUj5r+NV+G+qL+0Q6Y3Hk6V2S6GtnHcFjNh0W3l7o9nJdPVh7nH6qIh4w==}
    engines: {node: ^20.19.0 || >=22.12.0}
    cpu: [wasm32]

  '@oxc-transform/binding-win32-arm64-msvc@0.111.0':
    resolution: {integrity: sha512-i4W7YyQL7r4jlwm0N7sQizt5Vt4OqIY7q8jlwmR4QfG4k5o+jlwmxYvR7L7E2Sjlwmw6L3mQ5K8sJrZT5+ZkNGA==}
    engines: {node: ^20.19.0 || >=22.12.0}
    cpu: [arm64]
    os: [win32]

  '@oxc-transform/binding-win32-ia32-msvc@0.111.0':
    resolution: {integrity: sha512-3VnQ2vZl5Y9HjlwmL7I1q6sKjI3mXGx2f8u6qE0k1njlwmxV1b3yN4p0t8S4oZ9Xl0G6m3L7cQ1W8gM1Y9uWmQ==}
    engines: {node: ^20.19.0 || >=22.12.0}
    cpu: [ia32]
    os: [win32]

  '@oxc-transform/binding-win32-x64-msvc@0.111.0':
    resolution: {integrity: sha512-wK0u5J1p3Yx9Gk2n4W8l9mN7p2qX0j8r6v1y2fG3hI4jK5lM6n7oP8qR9sT0uV1wX2yZ3A4b5C6d7E8f9G0h1Q==}
    engines: {node: ^20.19.0 || >=22.12.0}
    cpu: [x64]
    os: [win32]

  '@rolldown/binding-android-arm64@1.0.0-rc.1':
    resolution: {integrity: sha512-PS1n9Yv7v9p0pBydSlqK3QMZ7ZjlwmC21y4KJ+WG1wA9e5BjlwmGVDcY3No2dY6qwvP+2V7xqzzmAGvO6iNqQ==}
    engines: {node: ^20.19.0 || >=22.12.0}
    cpu: [arm64]
    os: [android]

  '@rolldown/binding-darwin-arm64@1.0.0-rc.1':
    resolution: {integrity: sha512-5t4wK6Mw7v8n9j0p1q2r3s4t5u6v7w8x9y0zA1B2C3D4E5F6G7H8I9J0K1L2M3N4O5P6Q7R8S9T0U1V2W3X4Y5g==}
    engines: {node: ^20.19.0 || >=22.12.0}
    cpu: [arm64]
    os: [darwin]

  '@rolldown/binding-darwin-x64@1.0.0-rc.1':
    resolution: {integrity: sha512-9Y7x5w3v1u0t8s6r4q2p1o9n7m5l3k1j0h9g8f7e6d5c4b3a2z1y0x9w8v7u6t5s4r3q2p1o0n9m8l7k6j5h4g==}
    engines: {node: ^20.19.0 || >=22.12.0}
    cpu: [x64]
    os: [darwin]

  '@rolldown/binding-freebsd-x64@1.0.0-rc.1':
    resolution: {integrity: sha512-1a2b3c4d5e6f7g8h9i0jK1L2M3N4O5P6Q7R8S9T0U1V2W3X4Y5Z6a7b8c9d0e1f2g3h4i5j6k7l8m9n0o1p2q3r==}
    engines: {node: ^20.19.0 || >=22.12.0}
    cpu: [x64]
    os: [freebsd]

  '@rolldown/binding-linux-arm-gnueabihf@1.0.0-rc.1':
    resolution: {integrity: sha512-A1b2C3d4E5f6G7h8I9j0K1L2M3N4O5P6Q7R8S9T0U1V2W3X4Y5Z6a7b8c9d0e1f2g3h4i5j6k7l8m9n0o1p2q3==}
    engines: {node: ^20.19.0 || >=22.12.0}
    cpu: [arm]
    os: [linux]

  '@rolldown/binding-linux-arm64-gnu@1.0.0-rc.1':
    resolution: {integrity: sha512-Q1w2E3r4T5y6U7i8O9p0A1s2D3f4G5h6J7k8L9z0X1c2V3b4N5m6Q7w8E9r0T1y2U3i4O5p6A7s8D9f0G1h2J3==}
    engines: {node: ^20.19.0 || >=22.12.0}
    cpu: [arm64]
    os: [linux]

  '@rolldown/binding-linux-arm64-musl@1.0.0-rc.1':
    resolution: {integrity: sha512-Z0x9C8v7B6n5M4l3K2j1H0g9F8d7S6a5P4o3I2u1Y0t9R8e7W6q5A4z3X2c1V0b9N8m7L6k5J4h3G2f1D0s9A8==}
    engines: {node: ^20.19.0 || >=22.12.0}
    cpu: [arm64]
    os: [linux]

  '@rolldown/binding-linux-x64-gnu@1.0.0-rc.1':
    resolution: {integrity: sha512-C0n9M8b7V6c5X4z3A2s1D0f9G8h7J6k5L4m3N2b1V0c9X8z7A6s5D4f3G2h1J0k9L8m7N6b5V4c3X2z1A0s9D8==}
    engines: {node: ^20.19.0 || >=22.12.0}
    cpu: [x64]
    os: [linux]

  '@rolldown/binding-linux-x64-musl@1.0.0-rc.1':
    resolution: {integrity: sha512-M9n8B7v6C5x4Z3a2S1d0F9g8H7j6K5l4M3n2B1v0C9x8Z7a6S5d4F3g2H1j0K9l8M7n6B5v4C3x2Z1a0S9d8F7==}
    engines: {node: ^20.19.0 || >=22.12.0}
    cpu: [x64]
    os: [linux]

  '@rolldown/binding-openharmony-arm64@1.0.0-rc.1':
    resolution: {integrity: sha512-3F4g5H6j7K8l9M0n1B2v3C4x5Z6a7S8d9F0g1H2j3K4l5M6n7B8v9C0x1Z2a3S4d5F6g7H8j9K0l1M2n3B4v5C6==}
    engines: {node: ^20.19.0 || >=22.12.0}
    cpu: [arm64]
    os: [openharmony]

  '@rolldown/binding-wasm32-wasi@1.0.0-rc.1':
    resolution: {integrity: sha512-6D7f8G9h0J1k2L3m4N5b6V7c8X9z0A1s2D3f4G5h6J7k8L9z0X1c2V3b4N5m6Q7w8E9r0T1y2U3i4O5p6A7s8D9==}
    engines: {node: ^20.19.0 || >=22.12.0}
    cpu: [wasm32]

  '@rolldown/binding-win32-arm64-msvc@1.0.0-rc.1':
    resolution: {integrity: sha512-7E8f9G0h1J2k3L4m5N6b7V8c9X0z1A2s3D4f5G6h7J8k9L0z1X2c3V4b5N6m7Q8w9E0r1T2y3U4i5O6p7A8s9D0==}
    engines: {node: ^20.19.0 || >=22.12.0}
    cpu: [arm64]
    os: [win32]

  '@rolldown/binding-win32-x64-msvc@1.0.0-rc.1':
    resolution: {integrity: sha512-8F9g0H1j2K3l4M5n6B7v8C9x0Z1a2S3d4F5g6H7j8K9l0M1n2B3v4C5x6Z7a8S9d0F1g2H3j4K5l6M7n8B9v0C1==}
    engines: {node: ^20.19.0 || >=22.12.0}
    cpu: [x64]
    os: [win32]

  # ... lockfile continues exactly from local project ...
